
Microsoft Visual Studio Solution File, Format Version 12.00
# Visual Studio Version 16
VisualStudioVersion = 16.0.28803.352
MinimumVisualStudioVersion = 10.0.40219.1
Project("{9A19103F-16F7-4668-BE54-9A1E7A4F7556}") = "CSTrackWebAPI", "CSTrackWebAPI\CSTrackWebAPI.csproj", "{E429F08E-60D3-443C-A054-CE42926FE097}"
EndProject
Project("{2150E333-8FDC-42A3-9474-1A3956D46DE8}") = "Core", "Core", "{5F22AACA-845B-4161-8A9C-9B8C2BA69362}"
EndProject
Project("{2150E333-8FDC-42A3-9474-1A3956D46DE8}") = "DAL", "DAL", "{3549582B-1C88-4824-B575-CD6A15DF675A}"
EndProject
Project("{2150E333-8FDC-42A3-9474-1A3956D46DE8}") = "Model", "Model", "{6F53F20E-064E-4EF6-B642-2B9E68E67DAF}"
EndProject
Project("{9A19103F-16F7-4668-BE54-9A1E7A4F7556}") = "CSTrackWebAPI.Model.Context", "Model\CSTrackWebAPI.Model.Context\CSTrackWebAPI.Model.Context.csproj", "{3BB1BD27-1A50-4310-AF21-7428105296D4}"
EndProject
Project("{2150E333-8FDC-42A3-9474-1A3956D46DE8}") = "API", "API", "{5CB40ADE-CB35-417E-8AA3-C54284D6F277}"
EndProject
Project("{9A19103F-16F7-4668-BE54-9A1E7A4F7556}") = "CSTrackWebAPI.Core.DAL.Abstraction", "Core\DAL\CSTrackWebAPI.Core.DAL.Abstraction\CSTrackWebAPI.Core.DAL.Abstraction.csproj", "{22E9E741-C43F-4302-9E17-40ADBEE32F34}"
EndProject
Project("{2150E333-8FDC-42A3-9474-1A3956D46DE8}") = "DAL", "DAL", "{2150A50A-3A8B-49C0-8333-94D98B4BCE00}"
EndProject
Project("{9A19103F-16F7-4668-BE54-9A1E7A4F7556}") = "CSTrackWebAPI.DAL", "DAL\CSTrackWebAPI.DAL\CSTrackWebAPI.DAL.csproj", "{7FDEC2B4-7D94-4CBD-9A5B-0FC34DA6AC4D}"
EndProject
Project("{9A19103F-16F7-4668-BE54-9A1E7A4F7556}") = "CSTrackWebAPI.DAL.Abstraction", "DAL\CSTrackWebAPI.DAL.Abstraction\CSTrackWebAPI.DAL.Abstraction.csproj", "{2101E21D-AF1A-4189-BB08-1C1A11D632D9}"
EndProject
Project("{2150E333-8FDC-42A3-9474-1A3956D46DE8}") = "Managers", "Managers", "{07009157-47C7-40EE-A8B1-E2F84107F40C}"
EndProject
Project("{9A19103F-16F7-4668-BE54-9A1E7A4F7556}") = "CSTrackWebAPI.Managers.Abstraction", "Managers\CSTrackWebAPI.Managers.Abstraction\CSTrackWebAPI.Managers.Abstraction.csproj", "{F0E252A3-BC85-4051-A776-6B679CA891D9}"
EndProject
Project("{9A19103F-16F7-4668-BE54-9A1E7A4F7556}") = "CSTrackWebAPI.Model.DTO", "Model\CSTrackWebAPI.Model.DTO\CSTrackWebAPI.Model.DTO.csproj", "{D9DDFA32-DF27-4648-8F03-2C4ACC2C4E56}"
EndProject
Project("{9A19103F-16F7-4668-BE54-9A1E7A4F7556}") = "CSTrackWebAPI.Managers", "Managers\CSTrackWebAPI.Managers\CSTrackWebAPI.Managers.csproj", "{CD801F86-60DE-48E8-B791-787A979A77FC}"
EndProject
Project("{9A19103F-16F7-4668-BE54-9A1E7A4F7556}") = "CSTrackWebAPI.Core.DAL", "Core\DAL\CSTrackWebAPI.Core.DAL\CSTrackWebAPI.Core.DAL.csproj", "{794D7964-371D-4F4D-A404-C1A12A273406}"
EndProject
Project("{2150E333-8FDC-42A3-9474-1A3956D46DE8}") = "Common", "Common", "{E3FE987C-4C20-4C04-BBE3-FC16C222C6D7}"
EndProject
Project("{9A19103F-16F7-4668-BE54-9A1E7A4F7556}") = "CSTrackWebAPI.Common", "Common\CSTrackWebAPI.Common\CSTrackWebAPI.Common.csproj", "{3DC53C5C-3E9F-4E92-8E76-29AB2B9DB2B3}"
EndProject
Project("{9A19103F-16F7-4668-BE54-9A1E7A4F7556}") = "CSTrackWebAPI.Core.Model.Abstraction", "CSTrackWebAPI.Core.Model.Abstraction\CSTrackWebAPI.Core.Model.Abstraction.csproj", "{086380A2-37C7-458A-A6C5-AFA26A50B93F}"
EndProject
Project("{9A19103F-16F7-4668-BE54-9A1E7A4F7556}") = "CSTrackWebAPI.Model", "CSTrackWebAPI.Model\CSTrackWebAPI.Model.csproj", "{CC742B0A-837E-44ED-AAB7-33BF394F0CEA}"
EndProject
Project("{2150E333-8FDC-42A3-9474-1A3956D46DE8}") = "Services", "Services", "{93DC6EA8-F04E-4098-B80F-A49B1DC332DD}"
EndProject
Project("{FAE04EC0-301F-11D3-BF4B-00C04F79EFBC}") = "CSTrackWebAPI.Service", "Services\CSTrackWebAPI.Service\CSTrackWebAPI.Service.csproj", "{6BF5EFAE-0372-4790-A077-B6A670884559}"
EndProject
Project("{FAE04EC0-301F-11D3-BF4B-00C04F79EFBC}") = "CSTrackWebAPI.Service.Abstraction", "Services\CSTrackWebAPI.Service.Abstraction\CSTrackWebAPI.Service.Abstraction.csproj", "{7555C89D-F804-44BA-A48A-90F9FC0C43B1}"
EndProject
Global
	GlobalSection(SolutionConfigurationPlatforms) = preSolution
		Debug|Any CPU = Debug|Any CPU
		Development|Any CPU = Development|Any CPU
		Production|Any CPU = Production|Any CPU
		Release|Any CPU = Release|Any CPU
		Staging|Any CPU = Staging|Any CPU
		Testing|Any CPU = Testing|Any CPU
	EndGlobalSection
	GlobalSection(ProjectConfigurationPlatforms) = postSolution
		{E429F08E-60D3-443C-A054-CE42926FE097}.Debug|Any CPU.ActiveCfg = Development|Any CPU
		{E429F08E-60D3-443C-A054-CE42926FE097}.Debug|Any CPU.Build.0 = Development|Any CPU
		{E429F08E-60D3-443C-A054-CE42926FE097}.Development|Any CPU.ActiveCfg = Development|Any CPU
		{E429F08E-60D3-443C-A054-CE42926FE097}.Development|Any CPU.Build.0 = Development|Any CPU
		{E429F08E-60D3-443C-A054-CE42926FE097}.Production|Any CPU.ActiveCfg = Production|Any CPU
		{E429F08E-60D3-443C-A054-CE42926FE097}.Production|Any CPU.Build.0 = Production|Any CPU
		{E429F08E-60D3-443C-A054-CE42926FE097}.Release|Any CPU.ActiveCfg = Testing|Any CPU
		{E429F08E-60D3-443C-A054-CE42926FE097}.Release|Any CPU.Build.0 = Testing|Any CPU
		{E429F08E-60D3-443C-A054-CE42926FE097}.Staging|Any CPU.ActiveCfg = Staging|Any CPU
		{E429F08E-60D3-443C-A054-CE42926FE097}.Staging|Any CPU.Build.0 = Staging|Any CPU
		{E429F08E-60D3-443C-A054-CE42926FE097}.Testing|Any CPU.ActiveCfg = Testing|Any CPU
		{E429F08E-60D3-443C-A054-CE42926FE097}.Testing|Any CPU.Build.0 = Testing|Any CPU
		{3BB1BD27-1A50-4310-AF21-7428105296D4}.Debug|Any CPU.ActiveCfg = Development|Any CPU
		{3BB1BD27-1A50-4310-AF21-7428105296D4}.Debug|Any CPU.Build.0 = Development|Any CPU
		{3BB1BD27-1A50-4310-AF21-7428105296D4}.Development|Any CPU.ActiveCfg = Development|Any CPU
		{3BB1BD27-1A50-4310-AF21-7428105296D4}.Development|Any CPU.Build.0 = Development|Any CPU
		{3BB1BD27-1A50-4310-AF21-7428105296D4}.Production|Any CPU.ActiveCfg = Production|Any CPU
		{3BB1BD27-1A50-4310-AF21-7428105296D4}.Production|Any CPU.Build.0 = Production|Any CPU
		{3BB1BD27-1A50-4310-AF21-7428105296D4}.Release|Any CPU.ActiveCfg = Testing|Any CPU
		{3BB1BD27-1A50-4310-AF21-7428105296D4}.Release|Any CPU.Build.0 = Testing|Any CPU
		{3BB1BD27-1A50-4310-AF21-7428105296D4}.Staging|Any CPU.ActiveCfg = Staging|Any CPU
		{3BB1BD27-1A50-4310-AF21-7428105296D4}.Staging|Any CPU.Build.0 = Staging|Any CPU
		{3BB1BD27-1A50-4310-AF21-7428105296D4}.Testing|Any CPU.ActiveCfg = Testing|Any CPU
		{3BB1BD27-1A50-4310-AF21-7428105296D4}.Testing|Any CPU.Build.0 = Testing|Any CPU
		{22E9E741-C43F-4302-9E17-40ADBEE32F34}.Debug|Any CPU.ActiveCfg = Development|Any CPU
		{22E9E741-C43F-4302-9E17-40ADBEE32F34}.Debug|Any CPU.Build.0 = Development|Any CPU
		{22E9E741-C43F-4302-9E17-40ADBEE32F34}.Development|Any CPU.ActiveCfg = Development|Any CPU
		{22E9E741-C43F-4302-9E17-40ADBEE32F34}.Development|Any CPU.Build.0 = Development|Any CPU
		{22E9E741-C43F-4302-9E17-40ADBEE32F34}.Production|Any CPU.ActiveCfg = Production|Any CPU
		{22E9E741-C43F-4302-9E17-40ADBEE32F34}.Production|Any CPU.Build.0 = Production|Any CPU
		{22E9E741-C43F-4302-9E17-40ADBEE32F34}.Release|Any CPU.ActiveCfg = Testing|Any CPU
		{22E9E741-C43F-4302-9E17-40ADBEE32F34}.Release|Any CPU.Build.0 = Testing|Any CPU
		{22E9E741-C43F-4302-9E17-40ADBEE32F34}.Staging|Any CPU.ActiveCfg = Staging|Any CPU
		{22E9E741-C43F-4302-9E17-40ADBEE32F34}.Staging|Any CPU.Build.0 = Staging|Any CPU
		{22E9E741-C43F-4302-9E17-40ADBEE32F34}.Testing|Any CPU.ActiveCfg = Testing|Any CPU
		{22E9E741-C43F-4302-9E17-40ADBEE32F34}.Testing|Any CPU.Build.0 = Testing|Any CPU
		{7FDEC2B4-7D94-4CBD-9A5B-0FC34DA6AC4D}.Debug|Any CPU.ActiveCfg = Development|Any CPU
		{7FDEC2B4-7D94-4CBD-9A5B-0FC34DA6AC4D}.Debug|Any CPU.Build.0 = Development|Any CPU
		{7FDEC2B4-7D94-4CBD-9A5B-0FC34DA6AC4D}.Development|Any CPU.ActiveCfg = Development|Any CPU
		{7FDEC2B4-7D94-4CBD-9A5B-0FC34DA6AC4D}.Development|Any CPU.Build.0 = Development|Any CPU
		{7FDEC2B4-7D94-4CBD-9A5B-0FC34DA6AC4D}.Production|Any CPU.ActiveCfg = Production|Any CPU
		{7FDEC2B4-7D94-4CBD-9A5B-0FC34DA6AC4D}.Production|Any CPU.Build.0 = Production|Any CPU
		{7FDEC2B4-7D94-4CBD-9A5B-0FC34DA6AC4D}.Release|Any CPU.ActiveCfg = Testing|Any CPU
		{7FDEC2B4-7D94-4CBD-9A5B-0FC34DA6AC4D}.Release|Any CPU.Build.0 = Testing|Any CPU
		{7FDEC2B4-7D94-4CBD-9A5B-0FC34DA6AC4D}.Staging|Any CPU.ActiveCfg = Staging|Any CPU
		{7FDEC2B4-7D94-4CBD-9A5B-0FC34DA6AC4D}.Staging|Any CPU.Build.0 = Staging|Any CPU
		{7FDEC2B4-7D94-4CBD-9A5B-0FC34DA6AC4D}.Testing|Any CPU.ActiveCfg = Testing|Any CPU
		{7FDEC2B4-7D94-4CBD-9A5B-0FC34DA6AC4D}.Testing|Any CPU.Build.0 = Testing|Any CPU
		{2101E21D-AF1A-4189-BB08-1C1A11D632D9}.Debug|Any CPU.ActiveCfg = Development|Any CPU
		{2101E21D-AF1A-4189-BB08-1C1A11D632D9}.Debug|Any CPU.Build.0 = Development|Any CPU
		{2101E21D-AF1A-4189-BB08-1C1A11D632D9}.Development|Any CPU.ActiveCfg = Development|Any CPU
		{2101E21D-AF1A-4189-BB08-1C1A11D632D9}.Development|Any CPU.Build.0 = Development|Any CPU
		{2101E21D-AF1A-4189-BB08-1C1A11D632D9}.Production|Any CPU.ActiveCfg = Production|Any CPU
		{2101E21D-AF1A-4189-BB08-1C1A11D632D9}.Production|Any CPU.Build.0 = Production|Any CPU
		{2101E21D-AF1A-4189-BB08-1C1A11D632D9}.Release|Any CPU.ActiveCfg = Testing|Any CPU
		{2101E21D-AF1A-4189-BB08-1C1A11D632D9}.Release|Any CPU.Build.0 = Testing|Any CPU
		{2101E21D-AF1A-4189-BB08-1C1A11D632D9}.Staging|Any CPU.ActiveCfg = Staging|Any CPU
		{2101E21D-AF1A-4189-BB08-1C1A11D632D9}.Staging|Any CPU.Build.0 = Staging|Any CPU
		{2101E21D-AF1A-4189-BB08-1C1A11D632D9}.Testing|Any CPU.ActiveCfg = Testing|Any CPU
		{2101E21D-AF1A-4189-BB08-1C1A11D632D9}.Testing|Any CPU.Build.0 = Testing|Any CPU
		{F0E252A3-BC85-4051-A776-6B679CA891D9}.Debug|Any CPU.ActiveCfg = Development|Any CPU
		{F0E252A3-BC85-4051-A776-6B679CA891D9}.Debug|Any CPU.Build.0 = Development|Any CPU
		{F0E252A3-BC85-4051-A776-6B679CA891D9}.Development|Any CPU.ActiveCfg = Development|Any CPU
		{F0E252A3-BC85-4051-A776-6B679CA891D9}.Development|Any CPU.Build.0 = Development|Any CPU
		{F0E252A3-BC85-4051-A776-6B679CA891D9}.Production|Any CPU.ActiveCfg = Production|Any CPU
		{F0E252A3-BC85-4051-A776-6B679CA891D9}.Production|Any CPU.Build.0 = Production|Any CPU
		{F0E252A3-BC85-4051-A776-6B679CA891D9}.Release|Any CPU.ActiveCfg = Testing|Any CPU
		{F0E252A3-BC85-4051-A776-6B679CA891D9}.Release|Any CPU.Build.0 = Testing|Any CPU
		{F0E252A3-BC85-4051-A776-6B679CA891D9}.Staging|Any CPU.ActiveCfg = Staging|Any CPU
		{F0E252A3-BC85-4051-A776-6B679CA891D9}.Staging|Any CPU.Build.0 = Staging|Any CPU
		{F0E252A3-BC85-4051-A776-6B679CA891D9}.Testing|Any CPU.ActiveCfg = Testing|Any CPU
		{F0E252A3-BC85-4051-A776-6B679CA891D9}.Testing|Any CPU.Build.0 = Testing|Any CPU
		{D9DDFA32-DF27-4648-8F03-2C4ACC2C4E56}.Debug|Any CPU.ActiveCfg = Development|Any CPU
		{D9DDFA32-DF27-4648-8F03-2C4ACC2C4E56}.Debug|Any CPU.Build.0 = Development|Any CPU
		{D9DDFA32-DF27-4648-8F03-2C4ACC2C4E56}.Development|Any CPU.ActiveCfg = Development|Any CPU
		{D9DDFA32-DF27-4648-8F03-2C4ACC2C4E56}.Development|Any CPU.Build.0 = Development|Any CPU
		{D9DDFA32-DF27-4648-8F03-2C4ACC2C4E56}.Production|Any CPU.ActiveCfg = Production|Any CPU
		{D9DDFA32-DF27-4648-8F03-2C4ACC2C4E56}.Production|Any CPU.Build.0 = Production|Any CPU
		{D9DDFA32-DF27-4648-8F03-2C4ACC2C4E56}.Release|Any CPU.ActiveCfg = Testing|Any CPU
		{D9DDFA32-DF27-4648-8F03-2C4ACC2C4E56}.Release|Any CPU.Build.0 = Testing|Any CPU
		{D9DDFA32-DF27-4648-8F03-2C4ACC2C4E56}.Staging|Any CPU.ActiveCfg = Staging|Any CPU
		{D9DDFA32-DF27-4648-8F03-2C4ACC2C4E56}.Staging|Any CPU.Build.0 = Staging|Any CPU
		{D9DDFA32-DF27-4648-8F03-2C4ACC2C4E56}.Testing|Any CPU.ActiveCfg = Testing|Any CPU
		{D9DDFA32-DF27-4648-8F03-2C4ACC2C4E56}.Testing|Any CPU.Build.0 = Testing|Any CPU
		{CD801F86-60DE-48E8-B791-787A979A77FC}.Debug|Any CPU.ActiveCfg = Development|Any CPU
		{CD801F86-60DE-48E8-B791-787A979A77FC}.Debug|Any CPU.Build.0 = Development|Any CPU
		{CD801F86-60DE-48E8-B791-787A979A77FC}.Development|Any CPU.ActiveCfg = Development|Any CPU
		{CD801F86-60DE-48E8-B791-787A979A77FC}.Development|Any CPU.Build.0 = Development|Any CPU
		{CD801F86-60DE-48E8-B791-787A979A77FC}.Production|Any CPU.ActiveCfg = Production|Any CPU
		{CD801F86-60DE-48E8-B791-787A979A77FC}.Production|Any CPU.Build.0 = Production|Any CPU
		{CD801F86-60DE-48E8-B791-787A979A77FC}.Release|Any CPU.ActiveCfg = Testing|Any CPU
		{CD801F86-60DE-48E8-B791-787A979A77FC}.Release|Any CPU.Build.0 = Testing|Any CPU
		{CD801F86-60DE-48E8-B791-787A979A77FC}.Staging|Any CPU.ActiveCfg = Staging|Any CPU
		{CD801F86-60DE-48E8-B791-787A979A77FC}.Staging|Any CPU.Build.0 = Staging|Any CPU
		{CD801F86-60DE-48E8-B791-787A979A77FC}.Testing|Any CPU.ActiveCfg = Testing|Any CPU
		{CD801F86-60DE-48E8-B791-787A979A77FC}.Testing|Any CPU.Build.0 = Testing|Any CPU
		{794D7964-371D-4F4D-A404-C1A12A273406}.Debug|Any CPU.ActiveCfg = Development|Any CPU
		{794D7964-371D-4F4D-A404-C1A12A273406}.Debug|Any CPU.Build.0 = Development|Any CPU
		{794D7964-371D-4F4D-A404-C1A12A273406}.Development|Any CPU.ActiveCfg = Development|Any CPU
		{794D7964-371D-4F4D-A404-C1A12A273406}.Development|Any CPU.Build.0 = Development|Any CPU
		{794D7964-371D-4F4D-A404-C1A12A273406}.Production|Any CPU.ActiveCfg = Production|Any CPU
		{794D7964-371D-4F4D-A404-C1A12A273406}.Production|Any CPU.Build.0 = Production|Any CPU
		{794D7964-371D-4F4D-A404-C1A12A273406}.Release|Any CPU.ActiveCfg = Testing|Any CPU
		{794D7964-371D-4F4D-A404-C1A12A273406}.Release|Any CPU.Build.0 = Testing|Any CPU
		{794D7964-371D-4F4D-A404-C1A12A273406}.Staging|Any CPU.ActiveCfg = Staging|Any CPU
		{794D7964-371D-4F4D-A404-C1A12A273406}.Staging|Any CPU.Build.0 = Staging|Any CPU
		{794D7964-371D-4F4D-A404-C1A12A273406}.Testing|Any CPU.ActiveCfg = Testing|Any CPU
		{794D7964-371D-4F4D-A404-C1A12A273406}.Testing|Any CPU.Build.0 = Testing|Any CPU
		{3DC53C5C-3E9F-4E92-8E76-29AB2B9DB2B3}.Debug|Any CPU.ActiveCfg = Development|Any CPU
		{3DC53C5C-3E9F-4E92-8E76-29AB2B9DB2B3}.Debug|Any CPU.Build.0 = Development|Any CPU
		{3DC53C5C-3E9F-4E92-8E76-29AB2B9DB2B3}.Development|Any CPU.ActiveCfg = Development|Any CPU
		{3DC53C5C-3E9F-4E92-8E76-29AB2B9DB2B3}.Development|Any CPU.Build.0 = Development|Any CPU
		{3DC53C5C-3E9F-4E92-8E76-29AB2B9DB2B3}.Production|Any CPU.ActiveCfg = Production|Any CPU
		{3DC53C5C-3E9F-4E92-8E76-29AB2B9DB2B3}.Production|Any CPU.Build.0 = Production|Any CPU
		{3DC53C5C-3E9F-4E92-8E76-29AB2B9DB2B3}.Release|Any CPU.ActiveCfg = Testing|Any CPU
		{3DC53C5C-3E9F-4E92-8E76-29AB2B9DB2B3}.Release|Any CPU.Build.0 = Testing|Any CPU
		{3DC53C5C-3E9F-4E92-8E76-29AB2B9DB2B3}.Staging|Any CPU.ActiveCfg = Staging|Any CPU
		{3DC53C5C-3E9F-4E92-8E76-29AB2B9DB2B3}.Staging|Any CPU.Build.0 = Staging|Any CPU
		{3DC53C5C-3E9F-4E92-8E76-29AB2B9DB2B3}.Testing|Any CPU.ActiveCfg = Testing|Any CPU
		{3DC53C5C-3E9F-4E92-8E76-29AB2B9DB2B3}.Testing|Any CPU.Build.0 = Testing|Any CPU
		{086380A2-37C7-458A-A6C5-AFA26A50B93F}.Debug|Any CPU.ActiveCfg = Debug|Any CPU
		{086380A2-37C7-458A-A6C5-AFA26A50B93F}.Debug|Any CPU.Build.0 = Debug|Any CPU
		{086380A2-37C7-458A-A6C5-AFA26A50B93F}.Development|Any CPU.ActiveCfg = Debug|Any CPU
		{086380A2-37C7-458A-A6C5-AFA26A50B93F}.Development|Any CPU.Build.0 = Debug|Any CPU
		{086380A2-37C7-458A-A6C5-AFA26A50B93F}.Production|Any CPU.ActiveCfg = Debug|Any CPU
		{086380A2-37C7-458A-A6C5-AFA26A50B93F}.Production|Any CPU.Build.0 = Debug|Any CPU
		{086380A2-37C7-458A-A6C5-AFA26A50B93F}.Release|Any CPU.ActiveCfg = Release|Any CPU
		{086380A2-37C7-458A-A6C5-AFA26A50B93F}.Release|Any CPU.Build.0 = Release|Any CPU
		{086380A2-37C7-458A-A6C5-AFA26A50B93F}.Staging|Any CPU.ActiveCfg = Debug|Any CPU
		{086380A2-37C7-458A-A6C5-AFA26A50B93F}.Staging|Any CPU.Build.0 = Debug|Any CPU
		{086380A2-37C7-458A-A6C5-AFA26A50B93F}.Testing|Any CPU.ActiveCfg = Debug|Any CPU
		{086380A2-37C7-458A-A6C5-AFA26A50B93F}.Testing|Any CPU.Build.0 = Debug|Any CPU
		{CC742B0A-837E-44ED-AAB7-33BF394F0CEA}.Debug|Any CPU.ActiveCfg = Debug|Any CPU
		{CC742B0A-837E-44ED-AAB7-33BF394F0CEA}.Debug|Any CPU.Build.0 = Debug|Any CPU
		{CC742B0A-837E-44ED-AAB7-33BF394F0CEA}.Development|Any CPU.ActiveCfg = Debug|Any CPU
		{CC742B0A-837E-44ED-AAB7-33BF394F0CEA}.Development|Any CPU.Build.0 = Debug|Any CPU
		{CC742B0A-837E-44ED-AAB7-33BF394F0CEA}.Production|Any CPU.ActiveCfg = Debug|Any CPU
		{CC742B0A-837E-44ED-AAB7-33BF394F0CEA}.Production|Any CPU.Build.0 = Debug|Any CPU
		{CC742B0A-837E-44ED-AAB7-33BF394F0CEA}.Release|Any CPU.ActiveCfg = Release|Any CPU
		{CC742B0A-837E-44ED-AAB7-33BF394F0CEA}.Release|Any CPU.Build.0 = Release|Any CPU
		{CC742B0A-837E-44ED-AAB7-33BF394F0CEA}.Staging|Any CPU.ActiveCfg = Debug|Any CPU
		{CC742B0A-837E-44ED-AAB7-33BF394F0CEA}.Staging|Any CPU.Build.0 = Debug|Any CPU
		{CC742B0A-837E-44ED-AAB7-33BF394F0CEA}.Testing|Any CPU.ActiveCfg = Debug|Any CPU
		{CC742B0A-837E-44ED-AAB7-33BF394F0CEA}.Testing|Any CPU.Build.0 = Debug|Any CPU
		{6BF5EFAE-0372-4790-A077-B6A670884559}.Debug|Any CPU.ActiveCfg = Debug|Any CPU
		{6BF5EFAE-0372-4790-A077-B6A670884559}.Debug|Any CPU.Build.0 = Debug|Any CPU
		{6BF5EFAE-0372-4790-A077-B6A670884559}.Development|Any CPU.ActiveCfg = Debug|Any CPU
		{6BF5EFAE-0372-4790-A077-B6A670884559}.Development|Any CPU.Build.0 = Debug|Any CPU
		{6BF5EFAE-0372-4790-A077-B6A670884559}.Production|Any CPU.ActiveCfg = Debug|Any CPU
		{6BF5EFAE-0372-4790-A077-B6A670884559}.Production|Any CPU.Build.0 = Debug|Any CPU
		{6BF5EFAE-0372-4790-A077-B6A670884559}.Release|Any CPU.ActiveCfg = Release|Any CPU
		{6BF5EFAE-0372-4790-A077-B6A670884559}.Release|Any CPU.Build.0 = Release|Any CPU
		{6BF5EFAE-0372-4790-A077-B6A670884559}.Staging|Any CPU.ActiveCfg = Debug|Any CPU
		{6BF5EFAE-0372-4790-A077-B6A670884559}.Staging|Any CPU.Build.0 = Debug|Any CPU
		{6BF5EFAE-0372-4790-A077-B6A670884559}.Testing|Any CPU.ActiveCfg = Debug|Any CPU
		{6BF5EFAE-0372-4790-A077-B6A670884559}.Testing|Any CPU.Build.0 = Debug|Any CPU
		{7555C89D-F804-44BA-A48A-90F9FC0C43B1}.Debug|Any CPU.ActiveCfg = Debug|Any CPU
		{7555C89D-F804-44BA-A48A-90F9FC0C43B1}.Debug|Any CPU.Build.0 = Debug|Any CPU
		{7555C89D-F804-44BA-A48A-90F9FC0C43B1}.Development|Any CPU.ActiveCfg = Debug|Any CPU
		{7555C89D-F804-44BA-A48A-90F9FC0C43B1}.Development|Any CPU.Build.0 = Debug|Any CPU
		{7555C89D-F804-44BA-A48A-90F9FC0C43B1}.Production|Any CPU.ActiveCfg = Debug|Any CPU
		{7555C89D-F804-44BA-A48A-90F9FC0C43B1}.Production|Any CPU.Build.0 = Debug|Any CPU
		{7555C89D-F804-44BA-A48A-90F9FC0C43B1}.Release|Any CPU.ActiveCfg = Release|Any CPU
		{7555C89D-F804-44BA-A48A-90F9FC0C43B1}.Release|Any CPU.Build.0 = Release|Any CPU
		{7555C89D-F804-44BA-A48A-90F9FC0C43B1}.Staging|Any CPU.ActiveCfg = Debug|Any CPU
		{7555C89D-F804-44BA-A48A-90F9FC0C43B1}.Staging|Any CPU.Build.0 = Debug|Any CPU
		{7555C89D-F804-44BA-A48A-90F9FC0C43B1}.Testing|Any CPU.ActiveCfg = Debug|Any CPU
		{7555C89D-F804-44BA-A48A-90F9FC0C43B1}.Testing|Any CPU.Build.0 = Debug|Any CPU
	EndGlobalSection
	GlobalSection(SolutionProperties) = preSolution
		HideSolutionNode = FALSE
	EndGlobalSection
	GlobalSection(NestedProjects) = preSolution
		{E429F08E-60D3-443C-A054-CE42926FE097} = {5CB40ADE-CB35-417E-8AA3-C54284D6F277}
		{3549582B-1C88-4824-B575-CD6A15DF675A} = {5F22AACA-845B-4161-8A9C-9B8C2BA69362}
		{3BB1BD27-1A50-4310-AF21-7428105296D4} = {6F53F20E-064E-4EF6-B642-2B9E68E67DAF}
		{22E9E741-C43F-4302-9E17-40ADBEE32F34} = {3549582B-1C88-4824-B575-CD6A15DF675A}
		{7FDEC2B4-7D94-4CBD-9A5B-0FC34DA6AC4D} = {2150A50A-3A8B-49C0-8333-94D98B4BCE00}
		{2101E21D-AF1A-4189-BB08-1C1A11D632D9} = {2150A50A-3A8B-49C0-8333-94D98B4BCE00}
		{F0E252A3-BC85-4051-A776-6B679CA891D9} = {07009157-47C7-40EE-A8B1-E2F84107F40C}
		{D9DDFA32-DF27-4648-8F03-2C4ACC2C4E56} = {6F53F20E-064E-4EF6-B642-2B9E68E67DAF}
		{CD801F86-60DE-48E8-B791-787A979A77FC} = {07009157-47C7-40EE-A8B1-E2F84107F40C}
		{794D7964-371D-4F4D-A404-C1A12A273406} = {3549582B-1C88-4824-B575-CD6A15DF675A}
		{3DC53C5C-3E9F-4E92-8E76-29AB2B9DB2B3} = {E3FE987C-4C20-4C04-BBE3-FC16C222C6D7}
		{086380A2-37C7-458A-A6C5-AFA26A50B93F} = {6F53F20E-064E-4EF6-B642-2B9E68E67DAF}
		{CC742B0A-837E-44ED-AAB7-33BF394F0CEA} = {6F53F20E-064E-4EF6-B642-2B9E68E67DAF}
		{6BF5EFAE-0372-4790-A077-B6A670884559} = {93DC6EA8-F04E-4098-B80F-A49B1DC332DD}
		{7555C89D-F804-44BA-A48A-90F9FC0C43B1} = {93DC6EA8-F04E-4098-B80F-A49B1DC332DD}
	EndGlobalSection
	GlobalSection(ExtensibilityGlobals) = postSolution
		SolutionGuid = {80E6F8C2-281A-4424-837D-0DE83D2D3589}
	EndGlobalSection
EndGlobal
